
Microsoft Visual Studio Solution File, Format Version 12.00
# Visual Studio Version 16
VisualStudioVersion = 16.0.30523.141
MinimumVisualStudioVersion = 10.0.40219.1
Project("{FAE04EC0-301F-11D3-BF4B-00C04F79EFBC}") = "Exercice1", "Exercice1\Exercice1.csproj", "{EA83AA20-C6E0-4D48-A11A-CC6BBAC242C0}"
EndProject
Project("{FAE04EC0-301F-11D3-BF4B-00C04F79EFBC}") = "Exercise2", "Exercise2\Exercise2.csproj", "{6F15A709-0E7B-44DD-9D78-5234CD14DD1D}"
EndProject
Project("{FAE04EC0-301F-11D3-BF4B-00C04F79EFBC}") = "Exercise3", "Exercise 3\Exercise3.csproj", "{ABCC71B9-AFA2-4450-9326-A3A338E01F6A}"
EndProject
Project("{FAE04EC0-301F-11D3-BF4B-00C04F79EFBC}") = "Exercise4", "Exercise4\Exercise4.csproj", "{1DBD41B1-2195-460E-8140-0C8FE1EFDC9D}"
EndProject
Project("{FAE04EC0-301F-11D3-BF4B-00C04F79EFBC}") = "Exercise5", "Exercise5\Exercise5.csproj", "{E25D50F3-963E-417D-8AE4-3F4EF701B7A6}"
EndProject
Global
	GlobalSection(SolutionConfigurationPlatforms) = preSolution
		Debug|Any CPU = Debug|Any CPU
		Release|Any CPU = Release|Any CPU
	EndGlobalSection
	GlobalSection(ProjectConfigurationPlatforms) = postSolution
		{EA83AA20-C6E0-4D48-A11A-CC6BBAC242C0}.Debug|Any CPU.ActiveCfg = Debug|Any CPU
		{EA83AA20-C6E0-4D48-A11A-CC6BBAC242C0}.Debug|Any CPU.Build.0 = Debug|Any CPU
		{EA83AA20-C6E0-4D48-A11A-CC6BBAC242C0}.Release|Any CPU.ActiveCfg = Release|Any CPU
		{EA83AA20-C6E0-4D48-A11A-CC6BBAC242C0}.Release|Any CPU.Build.0 = Release|Any CPU
		{6F15A709-0E7B-44DD-9D78-5234CD14DD1D}.Debug|Any CPU.ActiveCfg = Debug|Any CPU
		{6F15A709-0E7B-44DD-9D78-5234CD14DD1D}.Debug|Any CPU.Build.0 = Debug|Any CPU
		{6F15A709-0E7B-44DD-9D78-5234CD14DD1D}.Release|Any CPU.ActiveCfg = Release|Any CPU
		{6F15A709-0E7B-44DD-9D78-5234CD14DD1D}.Release|Any CPU.Build.0 = Release|Any CPU
		{ABCC71B9-AFA2-4450-9326-A3A338E01F6A}.Debug|Any CPU.ActiveCfg = Debug|Any CPU
		{ABCC71B9-AFA2-4450-9326-A3A338E01F6A}.Debug|Any CPU.Build.0 = Debug|Any CPU
		{ABCC71B9-AFA2-4450-9326-A3A338E01F6A}.Release|Any CPU.ActiveCfg = Release|Any CPU
		{ABCC71B9-AFA2-4450-9326-A3A338E01F6A}.Release|Any CPU.Build.0 = Release|Any CPU
		{1DBD41B1-2195-460E-8140-0C8FE1EFDC9D}.Debug|Any CPU.ActiveCfg = Debug|Any CPU
		{1DBD41B1-2195-460E-8140-0C8FE1EFDC9D}.Debug|Any CPU.Build.0 = Debug|Any CPU
		{1DBD41B1-2195-460E-8140-0C8FE1EFDC9D}.Release|Any CPU.ActiveCfg = Release|Any CPU
		{1DBD41B1-2195-460E-8140-0C8FE1EFDC9D}.Release|Any CPU.Build.0 = Release|Any CPU
		{E25D50F3-963E-417D-8AE4-3F4EF701B7A6}.Debug|Any CPU.ActiveCfg = Debug|Any CPU
		{E25D50F3-963E-417D-8AE4-3F4EF701B7A6}.Debug|Any CPU.Build.0 = Debug|Any CPU
		{E25D50F3-963E-417D-8AE4-3F4EF701B7A6}.Release|Any CPU.ActiveCfg = Release|Any CPU
		{E25D50F3-963E-417D-8AE4-3F4EF701B7A6}.Release|Any CPU.Build.0 = Release|Any CPU
	EndGlobalSection
	GlobalSection(SolutionProperties) = preSolution
		HideSolutionNode = FALSE
	EndGlobalSection
	GlobalSection(ExtensibilityGlobals) = postSolution
		SolutionGuid = {378A9F92-A50A-4F11-8E98-71A571239A47}
	EndGlobalSection
EndGlobal
